
Microsoft Visual Studio Solution File, Format Version 12.00
# Visual Studio Version 17
VisualStudioVersion = 17.6.33723.286
MinimumVisualStudioVersion = 10.0.40219.1
Project("{FAE04EC0-301F-11D3-BF4B-00C04F79EFBC}") = "Array Basics", "Array Basics\Array Basics.csproj", "{6DC3F251-4A17-4EE3-BA54-77BDFC4269ED}"
EndProject
Global
	GlobalSection(SolutionConfigurationPlatforms) = preSolution
		Debug|Any CPU = Debug|Any CPU
		Release|Any CPU = Release|Any CPU
	EndGlobalSection
	GlobalSection(ProjectConfigurationPlatforms) = postSolution
		{6DC3F251-4A17-4EE3-BA54-77BDFC4269ED}.Debug|Any CPU.ActiveCfg = Debug|Any CPU
		{6DC3F251-4A17-4EE3-BA54-77BDFC4269ED}.Debug|Any CPU.Build.0 = Debug|Any CPU
		{6DC3F251-4A17-4EE3-BA54-77BDFC4269ED}.Release|Any CPU.ActiveCfg = Release|Any CPU
		{6DC3F251-4A17-4EE3-BA54-77BDFC4269ED}.Release|Any CPU.Build.0 = Release|Any CPU
	EndGlobalSection
	GlobalSection(SolutionProperties) = preSolution
		HideSolutionNode = FALSE
	EndGlobalSection
	GlobalSection(ExtensibilityGlobals) = postSolution
		SolutionGuid = {6AA7AF87-F431-4367-866C-C19DA186E660}
	EndGlobalSection
EndGlobal
